
Microsoft Visual Studio Solution File, Format Version 12.00
# Visual Studio 15
VisualStudioVersion = 15.0.27019.1
MinimumVisualStudioVersion = 10.0.40219.1
Project("{FAE04EC0-301F-11D3-BF4B-00C04F79EFBC}") = "CarShowRoom", "CarShowRoom\CarShowRoom.csproj", "{8F439E64-1A24-405B-BF51-B1A403D63150}"
EndProject
Global
	GlobalSection(SolutionConfigurationPlatforms) = preSolution
		Debug|Any CPU = Debug|Any CPU
		Release|Any CPU = Release|Any CPU
	EndGlobalSection
	GlobalSection(ProjectConfigurationPlatforms) = postSolution
		{8F439E64-1A24-405B-BF51-B1A403D63150}.Debug|Any CPU.ActiveCfg = Debug|Any CPU
		{8F439E64-1A24-405B-BF51-B1A403D63150}.Debug|Any CPU.Build.0 = Debug|Any CPU
		{8F439E64-1A24-405B-BF51-B1A403D63150}.Release|Any CPU.ActiveCfg = Release|Any CPU
		{8F439E64-1A24-405B-BF51-B1A403D63150}.Release|Any CPU.Build.0 = Release|Any CPU
	EndGlobalSection
	GlobalSection(SolutionProperties) = preSolution
		HideSolutionNode = FALSE
	EndGlobalSection
	GlobalSection(ExtensibilityGlobals) = postSolution
		SolutionGuid = {B8D0A91E-66E3-4B27-BB66-2096FF1B7F50}
	EndGlobalSection
EndGlobal
